
Microsoft Visual Studio Solution File, Format Version 12.00
# Visual Studio 2013
VisualStudioVersion = 12.0.0.0
MinimumVisualStudioVersion = 10.0.0.1
Project("{FAE04EC0-301F-11D3-BF4B-00C04F79EFBC}") = "TestThings", "TestThings/TestThings.csproj", "{F0BBBA68-A8DD-4E11-B058-93BD82315836}"
EndProject
Project("{FAE04EC0-301F-11D3-BF4B-00C04F79EFBC}") = "TestThingsTest", "TestThingsTest\TestThingsTest.csproj", "{4C03EA71-EB4A-49DF-8738-E27B12143F3F}"
EndProject
Global
	GlobalSection(SolutionConfigurationPlatforms) = preSolution
		Debug|Any CPU = Debug|Any CPU
		Release|Any CPU = Release|Any CPU
	EndGlobalSection
	GlobalSection(ProjectConfigurationPlatforms) = postSolution
		{F0BBBA68-A8DD-4E11-B058-93BD82315836}.Debug|Any CPU.ActiveCfg = Debug|Any CPU
		{F0BBBA68-A8DD-4E11-B058-93BD82315836}.Debug|Any CPU.Build.0 = Debug|Any CPU
		{F0BBBA68-A8DD-4E11-B058-93BD82315836}.Release|Any CPU.ActiveCfg = Release|Any CPU
		{F0BBBA68-A8DD-4E11-B058-93BD82315836}.Release|Any CPU.Build.0 = Release|Any CPU
		{4C03EA71-EB4A-49DF-8738-E27B12143F3F}.Debug|Any CPU.ActiveCfg = Debug|Any CPU
		{4C03EA71-EB4A-49DF-8738-E27B12143F3F}.Debug|Any CPU.Build.0 = Debug|Any CPU
		{4C03EA71-EB4A-49DF-8738-E27B12143F3F}.Release|Any CPU.ActiveCfg = Release|Any CPU
		{4C03EA71-EB4A-49DF-8738-E27B12143F3F}.Release|Any CPU.Build.0 = Release|Any CPU
	EndGlobalSection
	GlobalSection(SolutionProperties) = preSolution
		HideSolutionNode = FALSE
	EndGlobalSection
EndGlobal
